
Microsoft Visual Studio Solution File, Format Version 12.00
# Visual Studio 15
VisualStudioVersion = 15.0.26730.16
MinimumVisualStudioVersion = 10.0.40219.1
Project("{9A19103F-16F7-4668-BE54-9A1E7A4F7556}") = "Agent", "Agent\Agent.csproj", "{C7BBF45C-9076-431E-8291-529AEC761545}"
EndProject
Project("{9A19103F-16F7-4668-BE54-9A1E7A4F7556}") = "Core", "Core\Core.csproj", "{592475B4-C300-42C4-A6FD-0C04ED770312}"
EndProject
Project("{9A19103F-16F7-4668-BE54-9A1E7A4F7556}") = "Extensibility", "Extensibility\Extensibility.csproj", "{151676AD-A855-4717-8E1B-C113E5E5C89A}"
EndProject
Project("{9A19103F-16F7-4668-BE54-9A1E7A4F7556}") = "Extensions.Logging", "Extensions.Logging\Extensions.Logging.csproj", "{3F7F6217-6D9A-4089-9DFB-08FA076EF645}"
EndProject
Project("{9A19103F-16F7-4668-BE54-9A1E7A4F7556}") = "Agent.Test", "Agent.Test\Agent.Test.csproj", "{39CD3F9C-87DB-4A96-BDA4-9DB5B03D293A}"
EndProject
Project("{9A19103F-16F7-4668-BE54-9A1E7A4F7556}") = "Core.Test", "Core.Test\Core.Test.csproj", "{0F63AF4F-7153-45F1-9272-542DCB90845F}"
EndProject
Project("{9A19103F-16F7-4668-BE54-9A1E7A4F7556}") = "AspNetCore2", "AspNetCore2\AspNetCore2.csproj", "{D7757B68-B116-4299-A584-9DA21E517F2B}"
EndProject
Project("{9A19103F-16F7-4668-BE54-9A1E7A4F7556}") = "AspNetCore2.Sandbox", "AspNetCore2.Sandbox\AspNetCore2.Sandbox.csproj", "{EB3CCEFF-C63B-49DB-9DB7-91237FF3D2B8}"
EndProject
Project("{9A19103F-16F7-4668-BE54-9A1E7A4F7556}") = "AspNetCore2.Tests", "AspNetCore2.Tests\AspNetCore2.Tests.csproj", "{D5318EE0-E2D9-4BC3-8938-5CB7667139FF}"
EndProject
Project("{9A19103F-16F7-4668-BE54-9A1E7A4F7556}") = "EFCore2", "EFCore2\EFCore2.csproj", "{B8E3141B-FBF1-4704-850F-3DA65F166F8C}"
EndProject
Project("{9A19103F-16F7-4668-BE54-9A1E7A4F7556}") = "Services", "Services\Services.csproj", "{6462460C-6729-44FF-91A7-52270FBDDEBD}"
EndProject
Project("{9A19103F-16F7-4668-BE54-9A1E7A4F7556}") = "AgentTest.Console", "AgentTest.Console\AgentTest.Console.csproj", "{ABB4A19E-A0A7-4310-8EAF-B3A670CB5442}"
EndProject
Project("{9A19103F-16F7-4668-BE54-9A1E7A4F7556}") = "PerformanceCounters", "PerformanceCounters\PerformanceCounters.csproj", "{42C92BF1-1731-4F66-979A-3E33B7CF931E}"
EndProject
Project("{FAE04EC0-301F-11D3-BF4B-00C04F79EFBC}") = "PerformanceCounters.Tests", "PerformanceCounters.Tests\PerformanceCounters.Tests.csproj", "{447E88F0-05D9-4B8B-9587-E5E541678A39}"
EndProject
Project("{FAE04EC0-301F-11D3-BF4B-00C04F79EFBC}") = "AspNetCore3.Sandbox", "AspNetCore3.Sandbox\AspNetCore3.Sandbox.csproj", "{EBD10D9B-E931-40A8-8F9B-1217BE0363DA}"
EndProject
Global
	GlobalSection(SolutionConfigurationPlatforms) = preSolution
		Debug|Any CPU = Debug|Any CPU
		Debug|x64 = Debug|x64
		Debug|x86 = Debug|x86
		Release|Any CPU = Release|Any CPU
		Release|x64 = Release|x64
		Release|x86 = Release|x86
	EndGlobalSection
	GlobalSection(ProjectConfigurationPlatforms) = postSolution
		{C7BBF45C-9076-431E-8291-529AEC761545}.Debug|Any CPU.ActiveCfg = Debug|Any CPU
		{C7BBF45C-9076-431E-8291-529AEC761545}.Debug|Any CPU.Build.0 = Debug|Any CPU
		{C7BBF45C-9076-431E-8291-529AEC761545}.Debug|x64.ActiveCfg = Debug|Any CPU
		{C7BBF45C-9076-431E-8291-529AEC761545}.Debug|x64.Build.0 = Debug|Any CPU
		{C7BBF45C-9076-431E-8291-529AEC761545}.Debug|x86.ActiveCfg = Debug|Any CPU
		{C7BBF45C-9076-431E-8291-529AEC761545}.Debug|x86.Build.0 = Debug|Any CPU
		{C7BBF45C-9076-431E-8291-529AEC761545}.Release|Any CPU.ActiveCfg = Release|Any CPU
		{C7BBF45C-9076-431E-8291-529AEC761545}.Release|Any CPU.Build.0 = Release|Any CPU
		{C7BBF45C-9076-431E-8291-529AEC761545}.Release|x64.ActiveCfg = Release|Any CPU
		{C7BBF45C-9076-431E-8291-529AEC761545}.Release|x64.Build.0 = Release|Any CPU
		{C7BBF45C-9076-431E-8291-529AEC761545}.Release|x86.ActiveCfg = Release|Any CPU
		{C7BBF45C-9076-431E-8291-529AEC761545}.Release|x86.Build.0 = Release|Any CPU
		{592475B4-C300-42C4-A6FD-0C04ED770312}.Debug|Any CPU.ActiveCfg = Debug|Any CPU
		{592475B4-C300-42C4-A6FD-0C04ED770312}.Debug|Any CPU.Build.0 = Debug|Any CPU
		{592475B4-C300-42C4-A6FD-0C04ED770312}.Debug|x64.ActiveCfg = Debug|Any CPU
		{592475B4-C300-42C4-A6FD-0C04ED770312}.Debug|x64.Build.0 = Debug|Any CPU
		{592475B4-C300-42C4-A6FD-0C04ED770312}.Debug|x86.ActiveCfg = Debug|Any CPU
		{592475B4-C300-42C4-A6FD-0C04ED770312}.Debug|x86.Build.0 = Debug|Any CPU
		{592475B4-C300-42C4-A6FD-0C04ED770312}.Release|Any CPU.ActiveCfg = Release|Any CPU
		{592475B4-C300-42C4-A6FD-0C04ED770312}.Release|Any CPU.Build.0 = Release|Any CPU
		{592475B4-C300-42C4-A6FD-0C04ED770312}.Release|x64.ActiveCfg = Release|Any CPU
		{592475B4-C300-42C4-A6FD-0C04ED770312}.Release|x64.Build.0 = Release|Any CPU
		{592475B4-C300-42C4-A6FD-0C04ED770312}.Release|x86.ActiveCfg = Release|Any CPU
		{592475B4-C300-42C4-A6FD-0C04ED770312}.Release|x86.Build.0 = Release|Any CPU
		{151676AD-A855-4717-8E1B-C113E5E5C89A}.Debug|Any CPU.ActiveCfg = Debug|Any CPU
		{151676AD-A855-4717-8E1B-C113E5E5C89A}.Debug|Any CPU.Build.0 = Debug|Any CPU
		{151676AD-A855-4717-8E1B-C113E5E5C89A}.Debug|x64.ActiveCfg = Debug|Any CPU
		{151676AD-A855-4717-8E1B-C113E5E5C89A}.Debug|x64.Build.0 = Debug|Any CPU
		{151676AD-A855-4717-8E1B-C113E5E5C89A}.Debug|x86.ActiveCfg = Debug|Any CPU
		{151676AD-A855-4717-8E1B-C113E5E5C89A}.Debug|x86.Build.0 = Debug|Any CPU
		{151676AD-A855-4717-8E1B-C113E5E5C89A}.Release|Any CPU.ActiveCfg = Release|Any CPU
		{151676AD-A855-4717-8E1B-C113E5E5C89A}.Release|Any CPU.Build.0 = Release|Any CPU
		{151676AD-A855-4717-8E1B-C113E5E5C89A}.Release|x64.ActiveCfg = Release|Any CPU
		{151676AD-A855-4717-8E1B-C113E5E5C89A}.Release|x64.Build.0 = Release|Any CPU
		{151676AD-A855-4717-8E1B-C113E5E5C89A}.Release|x86.ActiveCfg = Release|Any CPU
		{151676AD-A855-4717-8E1B-C113E5E5C89A}.Release|x86.Build.0 = Release|Any CPU
		{3F7F6217-6D9A-4089-9DFB-08FA076EF645}.Debug|Any CPU.ActiveCfg = Debug|Any CPU
		{3F7F6217-6D9A-4089-9DFB-08FA076EF645}.Debug|Any CPU.Build.0 = Debug|Any CPU
		{3F7F6217-6D9A-4089-9DFB-08FA076EF645}.Debug|x64.ActiveCfg = Debug|Any CPU
		{3F7F6217-6D9A-4089-9DFB-08FA076EF645}.Debug|x64.Build.0 = Debug|Any CPU
		{3F7F6217-6D9A-4089-9DFB-08FA076EF645}.Debug|x86.ActiveCfg = Debug|Any CPU
		{3F7F6217-6D9A-4089-9DFB-08FA076EF645}.Debug|x86.Build.0 = Debug|Any CPU
		{3F7F6217-6D9A-4089-9DFB-08FA076EF645}.Release|Any CPU.ActiveCfg = Release|Any CPU
		{3F7F6217-6D9A-4089-9DFB-08FA076EF645}.Release|Any CPU.Build.0 = Release|Any CPU
		{3F7F6217-6D9A-4089-9DFB-08FA076EF645}.Release|x64.ActiveCfg = Release|Any CPU
		{3F7F6217-6D9A-4089-9DFB-08FA076EF645}.Release|x64.Build.0 = Release|Any CPU
		{3F7F6217-6D9A-4089-9DFB-08FA076EF645}.Release|x86.ActiveCfg = Release|Any CPU
		{3F7F6217-6D9A-4089-9DFB-08FA076EF645}.Release|x86.Build.0 = Release|Any CPU
		{39CD3F9C-87DB-4A96-BDA4-9DB5B03D293A}.Debug|Any CPU.ActiveCfg = Debug|Any CPU
		{39CD3F9C-87DB-4A96-BDA4-9DB5B03D293A}.Debug|Any CPU.Build.0 = Debug|Any CPU
		{39CD3F9C-87DB-4A96-BDA4-9DB5B03D293A}.Debug|x64.ActiveCfg = Debug|Any CPU
		{39CD3F9C-87DB-4A96-BDA4-9DB5B03D293A}.Debug|x64.Build.0 = Debug|Any CPU
		{39CD3F9C-87DB-4A96-BDA4-9DB5B03D293A}.Debug|x86.ActiveCfg = Debug|Any CPU
		{39CD3F9C-87DB-4A96-BDA4-9DB5B03D293A}.Debug|x86.Build.0 = Debug|Any CPU
		{39CD3F9C-87DB-4A96-BDA4-9DB5B03D293A}.Release|Any CPU.ActiveCfg = Release|Any CPU
		{39CD3F9C-87DB-4A96-BDA4-9DB5B03D293A}.Release|Any CPU.Build.0 = Release|Any CPU
		{39CD3F9C-87DB-4A96-BDA4-9DB5B03D293A}.Release|x64.ActiveCfg = Release|Any CPU
		{39CD3F9C-87DB-4A96-BDA4-9DB5B03D293A}.Release|x64.Build.0 = Release|Any CPU
		{39CD3F9C-87DB-4A96-BDA4-9DB5B03D293A}.Release|x86.ActiveCfg = Release|Any CPU
		{39CD3F9C-87DB-4A96-BDA4-9DB5B03D293A}.Release|x86.Build.0 = Release|Any CPU
		{0F63AF4F-7153-45F1-9272-542DCB90845F}.Debug|Any CPU.ActiveCfg = Debug|Any CPU
		{0F63AF4F-7153-45F1-9272-542DCB90845F}.Debug|Any CPU.Build.0 = Debug|Any CPU
		{0F63AF4F-7153-45F1-9272-542DCB90845F}.Debug|x64.ActiveCfg = Debug|Any CPU
		{0F63AF4F-7153-45F1-9272-542DCB90845F}.Debug|x64.Build.0 = Debug|Any CPU
		{0F63AF4F-7153-45F1-9272-542DCB90845F}.Debug|x86.ActiveCfg = Debug|Any CPU
		{0F63AF4F-7153-45F1-9272-542DCB90845F}.Debug|x86.Build.0 = Debug|Any CPU
		{0F63AF4F-7153-45F1-9272-542DCB90845F}.Release|Any CPU.ActiveCfg = Release|Any CPU
		{0F63AF4F-7153-45F1-9272-542DCB90845F}.Release|Any CPU.Build.0 = Release|Any CPU
		{0F63AF4F-7153-45F1-9272-542DCB90845F}.Release|x64.ActiveCfg = Release|Any CPU
		{0F63AF4F-7153-45F1-9272-542DCB90845F}.Release|x64.Build.0 = Release|Any CPU
		{0F63AF4F-7153-45F1-9272-542DCB90845F}.Release|x86.ActiveCfg = Release|Any CPU
		{0F63AF4F-7153-45F1-9272-542DCB90845F}.Release|x86.Build.0 = Release|Any CPU
		{D7757B68-B116-4299-A584-9DA21E517F2B}.Debug|Any CPU.ActiveCfg = Debug|Any CPU
		{D7757B68-B116-4299-A584-9DA21E517F2B}.Debug|Any CPU.Build.0 = Debug|Any CPU
		{D7757B68-B116-4299-A584-9DA21E517F2B}.Debug|x64.ActiveCfg = Debug|Any CPU
		{D7757B68-B116-4299-A584-9DA21E517F2B}.Debug|x64.Build.0 = Debug|Any CPU
		{D7757B68-B116-4299-A584-9DA21E517F2B}.Debug|x86.ActiveCfg = Debug|Any CPU
		{D7757B68-B116-4299-A584-9DA21E517F2B}.Debug|x86.Build.0 = Debug|Any CPU
		{D7757B68-B116-4299-A584-9DA21E517F2B}.Release|Any CPU.ActiveCfg = Release|Any CPU
		{D7757B68-B116-4299-A584-9DA21E517F2B}.Release|Any CPU.Build.0 = Release|Any CPU
		{D7757B68-B116-4299-A584-9DA21E517F2B}.Release|x64.ActiveCfg = Release|Any CPU
		{D7757B68-B116-4299-A584-9DA21E517F2B}.Release|x64.Build.0 = Release|Any CPU
		{D7757B68-B116-4299-A584-9DA21E517F2B}.Release|x86.ActiveCfg = Release|Any CPU
		{D7757B68-B116-4299-A584-9DA21E517F2B}.Release|x86.Build.0 = Release|Any CPU
		{EB3CCEFF-C63B-49DB-9DB7-91237FF3D2B8}.Debug|Any CPU.ActiveCfg = Debug|Any CPU
		{EB3CCEFF-C63B-49DB-9DB7-91237FF3D2B8}.Debug|Any CPU.Build.0 = Debug|Any CPU
		{EB3CCEFF-C63B-49DB-9DB7-91237FF3D2B8}.Debug|x64.ActiveCfg = Debug|Any CPU
		{EB3CCEFF-C63B-49DB-9DB7-91237FF3D2B8}.Debug|x64.Build.0 = Debug|Any CPU
		{EB3CCEFF-C63B-49DB-9DB7-91237FF3D2B8}.Debug|x86.ActiveCfg = Debug|Any CPU
		{EB3CCEFF-C63B-49DB-9DB7-91237FF3D2B8}.Debug|x86.Build.0 = Debug|Any CPU
		{EB3CCEFF-C63B-49DB-9DB7-91237FF3D2B8}.Release|Any CPU.ActiveCfg = Release|Any CPU
		{EB3CCEFF-C63B-49DB-9DB7-91237FF3D2B8}.Release|Any CPU.Build.0 = Release|Any CPU
		{EB3CCEFF-C63B-49DB-9DB7-91237FF3D2B8}.Release|x64.ActiveCfg = Release|Any CPU
		{EB3CCEFF-C63B-49DB-9DB7-91237FF3D2B8}.Release|x64.Build.0 = Release|Any CPU
		{EB3CCEFF-C63B-49DB-9DB7-91237FF3D2B8}.Release|x86.ActiveCfg = Release|Any CPU
		{EB3CCEFF-C63B-49DB-9DB7-91237FF3D2B8}.Release|x86.Build.0 = Release|Any CPU
		{D5318EE0-E2D9-4BC3-8938-5CB7667139FF}.Debug|Any CPU.ActiveCfg = Debug|Any CPU
		{D5318EE0-E2D9-4BC3-8938-5CB7667139FF}.Debug|Any CPU.Build.0 = Debug|Any CPU
		{D5318EE0-E2D9-4BC3-8938-5CB7667139FF}.Debug|x64.ActiveCfg = Debug|Any CPU
		{D5318EE0-E2D9-4BC3-8938-5CB7667139FF}.Debug|x64.Build.0 = Debug|Any CPU
		{D5318EE0-E2D9-4BC3-8938-5CB7667139FF}.Debug|x86.ActiveCfg = Debug|Any CPU
		{D5318EE0-E2D9-4BC3-8938-5CB7667139FF}.Debug|x86.Build.0 = Debug|Any CPU
		{D5318EE0-E2D9-4BC3-8938-5CB7667139FF}.Release|Any CPU.ActiveCfg = Release|Any CPU
		{D5318EE0-E2D9-4BC3-8938-5CB7667139FF}.Release|Any CPU.Build.0 = Release|Any CPU
		{D5318EE0-E2D9-4BC3-8938-5CB7667139FF}.Release|x64.ActiveCfg = Release|Any CPU
		{D5318EE0-E2D9-4BC3-8938-5CB7667139FF}.Release|x64.Build.0 = Release|Any CPU
		{D5318EE0-E2D9-4BC3-8938-5CB7667139FF}.Release|x86.ActiveCfg = Release|Any CPU
		{D5318EE0-E2D9-4BC3-8938-5CB7667139FF}.Release|x86.Build.0 = Release|Any CPU
		{B8E3141B-FBF1-4704-850F-3DA65F166F8C}.Debug|Any CPU.ActiveCfg = Debug|Any CPU
		{B8E3141B-FBF1-4704-850F-3DA65F166F8C}.Debug|Any CPU.Build.0 = Debug|Any CPU
		{B8E3141B-FBF1-4704-850F-3DA65F166F8C}.Debug|x64.ActiveCfg = Debug|Any CPU
		{B8E3141B-FBF1-4704-850F-3DA65F166F8C}.Debug|x64.Build.0 = Debug|Any CPU
		{B8E3141B-FBF1-4704-850F-3DA65F166F8C}.Debug|x86.ActiveCfg = Debug|Any CPU
		{B8E3141B-FBF1-4704-850F-3DA65F166F8C}.Debug|x86.Build.0 = Debug|Any CPU
		{B8E3141B-FBF1-4704-850F-3DA65F166F8C}.Release|Any CPU.ActiveCfg = Release|Any CPU
		{B8E3141B-FBF1-4704-850F-3DA65F166F8C}.Release|Any CPU.Build.0 = Release|Any CPU
		{B8E3141B-FBF1-4704-850F-3DA65F166F8C}.Release|x64.ActiveCfg = Release|Any CPU
		{B8E3141B-FBF1-4704-850F-3DA65F166F8C}.Release|x64.Build.0 = Release|Any CPU
		{B8E3141B-FBF1-4704-850F-3DA65F166F8C}.Release|x86.ActiveCfg = Release|Any CPU
		{B8E3141B-FBF1-4704-850F-3DA65F166F8C}.Release|x86.Build.0 = Release|Any CPU
		{6462460C-6729-44FF-91A7-52270FBDDEBD}.Debug|Any CPU.ActiveCfg = Debug|Any CPU
		{6462460C-6729-44FF-91A7-52270FBDDEBD}.Debug|Any CPU.Build.0 = Debug|Any CPU
		{6462460C-6729-44FF-91A7-52270FBDDEBD}.Debug|x64.ActiveCfg = Debug|Any CPU
		{6462460C-6729-44FF-91A7-52270FBDDEBD}.Debug|x64.Build.0 = Debug|Any CPU
		{6462460C-6729-44FF-91A7-52270FBDDEBD}.Debug|x86.ActiveCfg = Debug|Any CPU
		{6462460C-6729-44FF-91A7-52270FBDDEBD}.Debug|x86.Build.0 = Debug|Any CPU
		{6462460C-6729-44FF-91A7-52270FBDDEBD}.Release|Any CPU.ActiveCfg = Release|Any CPU
		{6462460C-6729-44FF-91A7-52270FBDDEBD}.Release|Any CPU.Build.0 = Release|Any CPU
		{6462460C-6729-44FF-91A7-52270FBDDEBD}.Release|x64.ActiveCfg = Release|Any CPU
		{6462460C-6729-44FF-91A7-52270FBDDEBD}.Release|x64.Build.0 = Release|Any CPU
		{6462460C-6729-44FF-91A7-52270FBDDEBD}.Release|x86.ActiveCfg = Release|Any CPU
		{6462460C-6729-44FF-91A7-52270FBDDEBD}.Release|x86.Build.0 = Release|Any CPU
		{ABB4A19E-A0A7-4310-8EAF-B3A670CB5442}.Debug|Any CPU.ActiveCfg = Debug|Any CPU
		{ABB4A19E-A0A7-4310-8EAF-B3A670CB5442}.Debug|Any CPU.Build.0 = Debug|Any CPU
		{ABB4A19E-A0A7-4310-8EAF-B3A670CB5442}.Debug|x64.ActiveCfg = Debug|Any CPU
		{ABB4A19E-A0A7-4310-8EAF-B3A670CB5442}.Debug|x64.Build.0 = Debug|Any CPU
		{ABB4A19E-A0A7-4310-8EAF-B3A670CB5442}.Debug|x86.ActiveCfg = Debug|Any CPU
		{ABB4A19E-A0A7-4310-8EAF-B3A670CB5442}.Debug|x86.Build.0 = Debug|Any CPU
		{ABB4A19E-A0A7-4310-8EAF-B3A670CB5442}.Release|Any CPU.ActiveCfg = Release|Any CPU
		{ABB4A19E-A0A7-4310-8EAF-B3A670CB5442}.Release|Any CPU.Build.0 = Release|Any CPU
		{ABB4A19E-A0A7-4310-8EAF-B3A670CB5442}.Release|x64.ActiveCfg = Release|Any CPU
		{ABB4A19E-A0A7-4310-8EAF-B3A670CB5442}.Release|x64.Build.0 = Release|Any CPU
		{ABB4A19E-A0A7-4310-8EAF-B3A670CB5442}.Release|x86.ActiveCfg = Release|Any CPU
		{ABB4A19E-A0A7-4310-8EAF-B3A670CB5442}.Release|x86.Build.0 = Release|Any CPU
		{42C92BF1-1731-4F66-979A-3E33B7CF931E}.Debug|Any CPU.ActiveCfg = Debug|Any CPU
		{42C92BF1-1731-4F66-979A-3E33B7CF931E}.Debug|Any CPU.Build.0 = Debug|Any CPU
		{42C92BF1-1731-4F66-979A-3E33B7CF931E}.Debug|x64.ActiveCfg = Debug|Any CPU
		{42C92BF1-1731-4F66-979A-3E33B7CF931E}.Debug|x64.Build.0 = Debug|Any CPU
		{42C92BF1-1731-4F66-979A-3E33B7CF931E}.Debug|x86.ActiveCfg = Debug|Any CPU
		{42C92BF1-1731-4F66-979A-3E33B7CF931E}.Debug|x86.Build.0 = Debug|Any CPU
		{42C92BF1-1731-4F66-979A-3E33B7CF931E}.Release|Any CPU.ActiveCfg = Release|Any CPU
		{42C92BF1-1731-4F66-979A-3E33B7CF931E}.Release|Any CPU.Build.0 = Release|Any CPU
		{42C92BF1-1731-4F66-979A-3E33B7CF931E}.Release|x64.ActiveCfg = Release|Any CPU
		{42C92BF1-1731-4F66-979A-3E33B7CF931E}.Release|x64.Build.0 = Release|Any CPU
		{42C92BF1-1731-4F66-979A-3E33B7CF931E}.Release|x86.ActiveCfg = Release|Any CPU
		{42C92BF1-1731-4F66-979A-3E33B7CF931E}.Release|x86.Build.0 = Release|Any CPU
		{447E88F0-05D9-4B8B-9587-E5E541678A39}.Debug|Any CPU.ActiveCfg = Debug|Any CPU
		{447E88F0-05D9-4B8B-9587-E5E541678A39}.Debug|Any CPU.Build.0 = Debug|Any CPU
		{447E88F0-05D9-4B8B-9587-E5E541678A39}.Debug|x64.ActiveCfg = Debug|Any CPU
		{447E88F0-05D9-4B8B-9587-E5E541678A39}.Debug|x64.Build.0 = Debug|Any CPU
		{447E88F0-05D9-4B8B-9587-E5E541678A39}.Debug|x86.ActiveCfg = Debug|Any CPU
		{447E88F0-05D9-4B8B-9587-E5E541678A39}.Debug|x86.Build.0 = Debug|Any CPU
		{447E88F0-05D9-4B8B-9587-E5E541678A39}.Release|Any CPU.ActiveCfg = Release|Any CPU
		{447E88F0-05D9-4B8B-9587-E5E541678A39}.Release|Any CPU.Build.0 = Release|Any CPU
		{447E88F0-05D9-4B8B-9587-E5E541678A39}.Release|x64.ActiveCfg = Release|Any CPU
		{447E88F0-05D9-4B8B-9587-E5E541678A39}.Release|x64.Build.0 = Release|Any CPU
		{447E88F0-05D9-4B8B-9587-E5E541678A39}.Release|x86.ActiveCfg = Release|Any CPU
		{447E88F0-05D9-4B8B-9587-E5E541678A39}.Release|x86.Build.0 = Release|Any CPU
		{0F7A73A1-5B48-434D-99A1-78410509D24D}.Debug|Any CPU.ActiveCfg = Debug|Any CPU
		{0F7A73A1-5B48-434D-99A1-78410509D24D}.Debug|Any CPU.Build.0 = Debug|Any CPU
		{0F7A73A1-5B48-434D-99A1-78410509D24D}.Debug|x64.ActiveCfg = Debug|Any CPU
		{0F7A73A1-5B48-434D-99A1-78410509D24D}.Debug|x64.Build.0 = Debug|Any CPU
		{0F7A73A1-5B48-434D-99A1-78410509D24D}.Debug|x86.ActiveCfg = Debug|Any CPU
		{0F7A73A1-5B48-434D-99A1-78410509D24D}.Debug|x86.Build.0 = Debug|Any CPU
		{0F7A73A1-5B48-434D-99A1-78410509D24D}.Release|Any CPU.ActiveCfg = Release|Any CPU
		{0F7A73A1-5B48-434D-99A1-78410509D24D}.Release|Any CPU.Build.0 = Release|Any CPU
		{0F7A73A1-5B48-434D-99A1-78410509D24D}.Release|x64.ActiveCfg = Release|Any CPU
		{0F7A73A1-5B48-434D-99A1-78410509D24D}.Release|x64.Build.0 = Release|Any CPU
		{0F7A73A1-5B48-434D-99A1-78410509D24D}.Release|x86.ActiveCfg = Release|Any CPU
		{0F7A73A1-5B48-434D-99A1-78410509D24D}.Release|x86.Build.0 = Release|Any CPU
		{EBD10D9B-E931-40A8-8F9B-1217BE0363DA}.Debug|Any CPU.ActiveCfg = Debug|Any CPU
		{EBD10D9B-E931-40A8-8F9B-1217BE0363DA}.Debug|Any CPU.Build.0 = Debug|Any CPU
		{EBD10D9B-E931-40A8-8F9B-1217BE0363DA}.Debug|x64.ActiveCfg = Debug|Any CPU
		{EBD10D9B-E931-40A8-8F9B-1217BE0363DA}.Debug|x64.Build.0 = Debug|Any CPU
		{EBD10D9B-E931-40A8-8F9B-1217BE0363DA}.Debug|x86.ActiveCfg = Debug|Any CPU
		{EBD10D9B-E931-40A8-8F9B-1217BE0363DA}.Debug|x86.Build.0 = Debug|Any CPU
		{EBD10D9B-E931-40A8-8F9B-1217BE0363DA}.Release|Any CPU.ActiveCfg = Release|Any CPU
		{EBD10D9B-E931-40A8-8F9B-1217BE0363DA}.Release|Any CPU.Build.0 = Release|Any CPU
		{EBD10D9B-E931-40A8-8F9B-1217BE0363DA}.Release|x64.ActiveCfg = Release|Any CPU
		{EBD10D9B-E931-40A8-8F9B-1217BE0363DA}.Release|x64.Build.0 = Release|Any CPU
		{EBD10D9B-E931-40A8-8F9B-1217BE0363DA}.Release|x86.ActiveCfg = Release|Any CPU
		{EBD10D9B-E931-40A8-8F9B-1217BE0363DA}.Release|x86.Build.0 = Release|Any CPU
	EndGlobalSection
	GlobalSection(SolutionProperties) = preSolution
		HideSolutionNode = FALSE
	EndGlobalSection
	GlobalSection(ExtensibilityGlobals) = postSolution
		SolutionGuid = {93FC3EA6-6A59-43FF-897A-EEB0C60E6E3A}
	EndGlobalSection
EndGlobal
