
Microsoft Visual Studio Solution File, Format Version 12.00
# Visual Studio Version 17
VisualStudioVersion = 17.1.32421.90
MinimumVisualStudioVersion = 16.0.29512.175
Project("{9A19103F-16F7-4668-BE54-9A1E7A4F7556}") = "Agent", "Agent\Agent.csproj", "{C7BBF45C-9076-431E-8291-529AEC761545}"
EndProject
Project("{9A19103F-16F7-4668-BE54-9A1E7A4F7556}") = "Core", "Core\Core.csproj", "{592475B4-C300-42C4-A6FD-0C04ED770312}"
EndProject
Project("{9A19103F-16F7-4668-BE54-9A1E7A4F7556}") = "Extensibility", "Extensibility\Extensibility.csproj", "{151676AD-A855-4717-8E1B-C113E5E5C89A}"
EndProject
Project("{9A19103F-16F7-4668-BE54-9A1E7A4F7556}") = "Extensions.Logging", "Extensions.Logging\Extensions.Logging.csproj", "{3F7F6217-6D9A-4089-9DFB-08FA076EF645}"
EndProject
Project("{9A19103F-16F7-4668-BE54-9A1E7A4F7556}") = "Agent.Test", "Agent.Test\Agent.Test.csproj", "{39CD3F9C-87DB-4A96-BDA4-9DB5B03D293A}"
EndProject
Project("{9A19103F-16F7-4668-BE54-9A1E7A4F7556}") = "Core.Test", "Core.Test\Core.Test.csproj", "{0F63AF4F-7153-45F1-9272-542DCB90845F}"
EndProject
Project("{9A19103F-16F7-4668-BE54-9A1E7A4F7556}") = "AspNetCore", "AspNetCore\AspNetCore.csproj", "{D7757B68-B116-4299-A584-9DA21E517F2B}"
EndProject
Project("{9A19103F-16F7-4668-BE54-9A1E7A4F7556}") = "AspNetCore.Tests", "AspNetCore.Tests\AspNetCore.Tests.csproj", "{D5318EE0-E2D9-4BC3-8938-5CB7667139FF}"
EndProject
Project("{9A19103F-16F7-4668-BE54-9A1E7A4F7556}") = "EFCore2", "EFCore2\EFCore2.csproj", "{B8E3141B-FBF1-4704-850F-3DA65F166F8C}"
EndProject
Project("{9A19103F-16F7-4668-BE54-9A1E7A4F7556}") = "Services", "Services\Services.csproj", "{6462460C-6729-44FF-91A7-52270FBDDEBD}"
EndProject
Project("{9A19103F-16F7-4668-BE54-9A1E7A4F7556}") = "PerformanceCounters", "PerformanceCounters\PerformanceCounters.csproj", "{42C92BF1-1731-4F66-979A-3E33B7CF931E}"
EndProject
Project("{9A19103F-16F7-4668-BE54-9A1E7A4F7556}") = "PerformanceCounters.Tests", "PerformanceCounters.Tests\PerformanceCounters.Tests.csproj", "{447E88F0-05D9-4B8B-9587-E5E541678A39}"
EndProject
Project("{9A19103F-16F7-4668-BE54-9A1E7A4F7556}") = "Packager", "Packager\Packager.csproj", "{09EF61DE-5DDE-4F4C-89E7-371633A7FB23}"
EndProject
Project("{9A19103F-16F7-4668-BE54-9A1E7A4F7556}") = "Extensions.Logging.Tests", "Extensions.Logging.Tests\Extensions.Logging.Tests.csproj", "{50D994D6-9589-4362-94C6-09C79CBD5368}"
EndProject
Project("{2150E333-8FDC-42A3-9474-1A3956D46DE8}") = "test", "test", "{2A2099C0-B6AA-4E4C-9386-26F324B85FC4}"
EndProject
Project("{9A19103F-16F7-4668-BE54-9A1E7A4F7556}") = "AspNetCore3.Sandbox", "test\AspNetCore3.Sandbox\AspNetCore3.Sandbox.csproj", "{B8AD24D2-B5F0-4076-97BA-FB390B305C8E}"
EndProject
Project("{9A19103F-16F7-4668-BE54-9A1E7A4F7556}") = "MvcTestApp5", "test\MvcTestApp5\MvcTestApp5.csproj", "{878C7147-7F01-4C1D-8B82-669DCD2A1868}"
EndProject
Project("{9A19103F-16F7-4668-BE54-9A1E7A4F7556}") = "MvcTestApp", "test\MvcTestApp\MvcTestApp.csproj", "{65216BE9-1316-4EDE-B619-7511CD281C13}"
EndProject
Project("{9A19103F-16F7-4668-BE54-9A1E7A4F7556}") = "EntityFramework", "EntityFramework\EntityFramework.csproj", "{8691C2CE-CC18-4BD7-86D5-55A6D11DE5A6}"
EndProject
Project("{9A19103F-16F7-4668-BE54-9A1E7A4F7556}") = "EntityFramework.Tests", "EntityFramework.Tests\EntityFramework.Tests.csproj", "{D4552710-BE03-4EF7-94A8-BACC63484E7D}"
EndProject
Project("{9A19103F-16F7-4668-BE54-9A1E7A4F7556}") = "ExportFile", "CsvMessenger\ExportFile.csproj", "{10DFBA44-E324-4C46-903C-63E2AC370A91}"
EndProject
Project("{9A19103F-16F7-4668-BE54-9A1E7A4F7556}") = "Azure.Function4", "test\Azure.Function4\Azure.Function4.csproj", "{16724468-8CED-463D-83D3-4DCEB9C04173}"
EndProject
Project("{9A19103F-16F7-4668-BE54-9A1E7A4F7556}") = "WinForms6", "test\WinForms6\WinForms6.csproj", "{6FD82145-BD8A-4F3C-960A-FD837925006B}"
EndProject
Project("{9A19103F-16F7-4668-BE54-9A1E7A4F7556}") = "WebApi8", "test\WebApi8\WebApi8.csproj", "{EFF4071E-2956-41AB-BADA-C606792BD9FD}"
EndProject
Global
	GlobalSection(SolutionConfigurationPlatforms) = preSolution
		Debug|Any CPU = Debug|Any CPU
		Debug|x64 = Debug|x64
		Debug|x86 = Debug|x86
		Release|Any CPU = Release|Any CPU
		Release|x64 = Release|x64
		Release|x86 = Release|x86
	EndGlobalSection
	GlobalSection(ProjectConfigurationPlatforms) = postSolution
		{C7BBF45C-9076-431E-8291-529AEC761545}.Debug|Any CPU.ActiveCfg = Debug|Any CPU
		{C7BBF45C-9076-431E-8291-529AEC761545}.Debug|Any CPU.Build.0 = Debug|Any CPU
		{C7BBF45C-9076-431E-8291-529AEC761545}.Debug|x64.ActiveCfg = Debug|Any CPU
		{C7BBF45C-9076-431E-8291-529AEC761545}.Debug|x64.Build.0 = Debug|Any CPU
		{C7BBF45C-9076-431E-8291-529AEC761545}.Debug|x86.ActiveCfg = Debug|Any CPU
		{C7BBF45C-9076-431E-8291-529AEC761545}.Debug|x86.Build.0 = Debug|Any CPU
		{C7BBF45C-9076-431E-8291-529AEC761545}.Release|Any CPU.ActiveCfg = Release|Any CPU
		{C7BBF45C-9076-431E-8291-529AEC761545}.Release|Any CPU.Build.0 = Release|Any CPU
		{C7BBF45C-9076-431E-8291-529AEC761545}.Release|x64.ActiveCfg = Release|Any CPU
		{C7BBF45C-9076-431E-8291-529AEC761545}.Release|x64.Build.0 = Release|Any CPU
		{C7BBF45C-9076-431E-8291-529AEC761545}.Release|x86.ActiveCfg = Release|Any CPU
		{C7BBF45C-9076-431E-8291-529AEC761545}.Release|x86.Build.0 = Release|Any CPU
		{592475B4-C300-42C4-A6FD-0C04ED770312}.Debug|Any CPU.ActiveCfg = Debug|Any CPU
		{592475B4-C300-42C4-A6FD-0C04ED770312}.Debug|Any CPU.Build.0 = Debug|Any CPU
		{592475B4-C300-42C4-A6FD-0C04ED770312}.Debug|x64.ActiveCfg = Debug|Any CPU
		{592475B4-C300-42C4-A6FD-0C04ED770312}.Debug|x64.Build.0 = Debug|Any CPU
		{592475B4-C300-42C4-A6FD-0C04ED770312}.Debug|x86.ActiveCfg = Debug|Any CPU
		{592475B4-C300-42C4-A6FD-0C04ED770312}.Debug|x86.Build.0 = Debug|Any CPU
		{592475B4-C300-42C4-A6FD-0C04ED770312}.Release|Any CPU.ActiveCfg = Release|Any CPU
		{592475B4-C300-42C4-A6FD-0C04ED770312}.Release|Any CPU.Build.0 = Release|Any CPU
		{592475B4-C300-42C4-A6FD-0C04ED770312}.Release|x64.ActiveCfg = Release|Any CPU
		{592475B4-C300-42C4-A6FD-0C04ED770312}.Release|x64.Build.0 = Release|Any CPU
		{592475B4-C300-42C4-A6FD-0C04ED770312}.Release|x86.ActiveCfg = Release|Any CPU
		{592475B4-C300-42C4-A6FD-0C04ED770312}.Release|x86.Build.0 = Release|Any CPU
		{151676AD-A855-4717-8E1B-C113E5E5C89A}.Debug|Any CPU.ActiveCfg = Debug|Any CPU
		{151676AD-A855-4717-8E1B-C113E5E5C89A}.Debug|Any CPU.Build.0 = Debug|Any CPU
		{151676AD-A855-4717-8E1B-C113E5E5C89A}.Debug|x64.ActiveCfg = Debug|Any CPU
		{151676AD-A855-4717-8E1B-C113E5E5C89A}.Debug|x64.Build.0 = Debug|Any CPU
		{151676AD-A855-4717-8E1B-C113E5E5C89A}.Debug|x86.ActiveCfg = Debug|Any CPU
		{151676AD-A855-4717-8E1B-C113E5E5C89A}.Debug|x86.Build.0 = Debug|Any CPU
		{151676AD-A855-4717-8E1B-C113E5E5C89A}.Release|Any CPU.ActiveCfg = Release|Any CPU
		{151676AD-A855-4717-8E1B-C113E5E5C89A}.Release|Any CPU.Build.0 = Release|Any CPU
		{151676AD-A855-4717-8E1B-C113E5E5C89A}.Release|x64.ActiveCfg = Release|Any CPU
		{151676AD-A855-4717-8E1B-C113E5E5C89A}.Release|x64.Build.0 = Release|Any CPU
		{151676AD-A855-4717-8E1B-C113E5E5C89A}.Release|x86.ActiveCfg = Release|Any CPU
		{151676AD-A855-4717-8E1B-C113E5E5C89A}.Release|x86.Build.0 = Release|Any CPU
		{3F7F6217-6D9A-4089-9DFB-08FA076EF645}.Debug|Any CPU.ActiveCfg = Debug|Any CPU
		{3F7F6217-6D9A-4089-9DFB-08FA076EF645}.Debug|Any CPU.Build.0 = Debug|Any CPU
		{3F7F6217-6D9A-4089-9DFB-08FA076EF645}.Debug|x64.ActiveCfg = Debug|Any CPU
		{3F7F6217-6D9A-4089-9DFB-08FA076EF645}.Debug|x64.Build.0 = Debug|Any CPU
		{3F7F6217-6D9A-4089-9DFB-08FA076EF645}.Debug|x86.ActiveCfg = Debug|Any CPU
		{3F7F6217-6D9A-4089-9DFB-08FA076EF645}.Debug|x86.Build.0 = Debug|Any CPU
		{3F7F6217-6D9A-4089-9DFB-08FA076EF645}.Release|Any CPU.ActiveCfg = Release|Any CPU
		{3F7F6217-6D9A-4089-9DFB-08FA076EF645}.Release|Any CPU.Build.0 = Release|Any CPU
		{3F7F6217-6D9A-4089-9DFB-08FA076EF645}.Release|x64.ActiveCfg = Release|Any CPU
		{3F7F6217-6D9A-4089-9DFB-08FA076EF645}.Release|x64.Build.0 = Release|Any CPU
		{3F7F6217-6D9A-4089-9DFB-08FA076EF645}.Release|x86.ActiveCfg = Release|Any CPU
		{3F7F6217-6D9A-4089-9DFB-08FA076EF645}.Release|x86.Build.0 = Release|Any CPU
		{39CD3F9C-87DB-4A96-BDA4-9DB5B03D293A}.Debug|Any CPU.ActiveCfg = Debug|Any CPU
		{39CD3F9C-87DB-4A96-BDA4-9DB5B03D293A}.Debug|Any CPU.Build.0 = Debug|Any CPU
		{39CD3F9C-87DB-4A96-BDA4-9DB5B03D293A}.Debug|x64.ActiveCfg = Debug|Any CPU
		{39CD3F9C-87DB-4A96-BDA4-9DB5B03D293A}.Debug|x64.Build.0 = Debug|Any CPU
		{39CD3F9C-87DB-4A96-BDA4-9DB5B03D293A}.Debug|x86.ActiveCfg = Debug|Any CPU
		{39CD3F9C-87DB-4A96-BDA4-9DB5B03D293A}.Debug|x86.Build.0 = Debug|Any CPU
		{39CD3F9C-87DB-4A96-BDA4-9DB5B03D293A}.Release|Any CPU.ActiveCfg = Release|Any CPU
		{39CD3F9C-87DB-4A96-BDA4-9DB5B03D293A}.Release|Any CPU.Build.0 = Release|Any CPU
		{39CD3F9C-87DB-4A96-BDA4-9DB5B03D293A}.Release|x64.ActiveCfg = Release|Any CPU
		{39CD3F9C-87DB-4A96-BDA4-9DB5B03D293A}.Release|x64.Build.0 = Release|Any CPU
		{39CD3F9C-87DB-4A96-BDA4-9DB5B03D293A}.Release|x86.ActiveCfg = Release|Any CPU
		{39CD3F9C-87DB-4A96-BDA4-9DB5B03D293A}.Release|x86.Build.0 = Release|Any CPU
		{0F63AF4F-7153-45F1-9272-542DCB90845F}.Debug|Any CPU.ActiveCfg = Debug|Any CPU
		{0F63AF4F-7153-45F1-9272-542DCB90845F}.Debug|Any CPU.Build.0 = Debug|Any CPU
		{0F63AF4F-7153-45F1-9272-542DCB90845F}.Debug|x64.ActiveCfg = Debug|Any CPU
		{0F63AF4F-7153-45F1-9272-542DCB90845F}.Debug|x64.Build.0 = Debug|Any CPU
		{0F63AF4F-7153-45F1-9272-542DCB90845F}.Debug|x86.ActiveCfg = Debug|Any CPU
		{0F63AF4F-7153-45F1-9272-542DCB90845F}.Debug|x86.Build.0 = Debug|Any CPU
		{0F63AF4F-7153-45F1-9272-542DCB90845F}.Release|Any CPU.ActiveCfg = Release|Any CPU
		{0F63AF4F-7153-45F1-9272-542DCB90845F}.Release|Any CPU.Build.0 = Release|Any CPU
		{0F63AF4F-7153-45F1-9272-542DCB90845F}.Release|x64.ActiveCfg = Release|Any CPU
		{0F63AF4F-7153-45F1-9272-542DCB90845F}.Release|x64.Build.0 = Release|Any CPU
		{0F63AF4F-7153-45F1-9272-542DCB90845F}.Release|x86.ActiveCfg = Release|Any CPU
		{0F63AF4F-7153-45F1-9272-542DCB90845F}.Release|x86.Build.0 = Release|Any CPU
		{D7757B68-B116-4299-A584-9DA21E517F2B}.Debug|Any CPU.ActiveCfg = Debug|Any CPU
		{D7757B68-B116-4299-A584-9DA21E517F2B}.Debug|Any CPU.Build.0 = Debug|Any CPU
		{D7757B68-B116-4299-A584-9DA21E517F2B}.Debug|x64.ActiveCfg = Debug|Any CPU
		{D7757B68-B116-4299-A584-9DA21E517F2B}.Debug|x64.Build.0 = Debug|Any CPU
		{D7757B68-B116-4299-A584-9DA21E517F2B}.Debug|x86.ActiveCfg = Debug|Any CPU
		{D7757B68-B116-4299-A584-9DA21E517F2B}.Debug|x86.Build.0 = Debug|Any CPU
		{D7757B68-B116-4299-A584-9DA21E517F2B}.Release|Any CPU.ActiveCfg = Release|Any CPU
		{D7757B68-B116-4299-A584-9DA21E517F2B}.Release|Any CPU.Build.0 = Release|Any CPU
		{D7757B68-B116-4299-A584-9DA21E517F2B}.Release|x64.ActiveCfg = Release|Any CPU
		{D7757B68-B116-4299-A584-9DA21E517F2B}.Release|x64.Build.0 = Release|Any CPU
		{D7757B68-B116-4299-A584-9DA21E517F2B}.Release|x86.ActiveCfg = Release|Any CPU
		{D7757B68-B116-4299-A584-9DA21E517F2B}.Release|x86.Build.0 = Release|Any CPU
		{D5318EE0-E2D9-4BC3-8938-5CB7667139FF}.Debug|Any CPU.ActiveCfg = Debug|Any CPU
		{D5318EE0-E2D9-4BC3-8938-5CB7667139FF}.Debug|Any CPU.Build.0 = Debug|Any CPU
		{D5318EE0-E2D9-4BC3-8938-5CB7667139FF}.Debug|x64.ActiveCfg = Debug|Any CPU
		{D5318EE0-E2D9-4BC3-8938-5CB7667139FF}.Debug|x64.Build.0 = Debug|Any CPU
		{D5318EE0-E2D9-4BC3-8938-5CB7667139FF}.Debug|x86.ActiveCfg = Debug|Any CPU
		{D5318EE0-E2D9-4BC3-8938-5CB7667139FF}.Debug|x86.Build.0 = Debug|Any CPU
		{D5318EE0-E2D9-4BC3-8938-5CB7667139FF}.Release|Any CPU.ActiveCfg = Release|Any CPU
		{D5318EE0-E2D9-4BC3-8938-5CB7667139FF}.Release|Any CPU.Build.0 = Release|Any CPU
		{D5318EE0-E2D9-4BC3-8938-5CB7667139FF}.Release|x64.ActiveCfg = Release|Any CPU
		{D5318EE0-E2D9-4BC3-8938-5CB7667139FF}.Release|x64.Build.0 = Release|Any CPU
		{D5318EE0-E2D9-4BC3-8938-5CB7667139FF}.Release|x86.ActiveCfg = Release|Any CPU
		{D5318EE0-E2D9-4BC3-8938-5CB7667139FF}.Release|x86.Build.0 = Release|Any CPU
		{B8E3141B-FBF1-4704-850F-3DA65F166F8C}.Debug|Any CPU.ActiveCfg = Debug|Any CPU
		{B8E3141B-FBF1-4704-850F-3DA65F166F8C}.Debug|Any CPU.Build.0 = Debug|Any CPU
		{B8E3141B-FBF1-4704-850F-3DA65F166F8C}.Debug|x64.ActiveCfg = Debug|Any CPU
		{B8E3141B-FBF1-4704-850F-3DA65F166F8C}.Debug|x64.Build.0 = Debug|Any CPU
		{B8E3141B-FBF1-4704-850F-3DA65F166F8C}.Debug|x86.ActiveCfg = Debug|Any CPU
		{B8E3141B-FBF1-4704-850F-3DA65F166F8C}.Debug|x86.Build.0 = Debug|Any CPU
		{B8E3141B-FBF1-4704-850F-3DA65F166F8C}.Release|Any CPU.ActiveCfg = Release|Any CPU
		{B8E3141B-FBF1-4704-850F-3DA65F166F8C}.Release|Any CPU.Build.0 = Release|Any CPU
		{B8E3141B-FBF1-4704-850F-3DA65F166F8C}.Release|x64.ActiveCfg = Release|Any CPU
		{B8E3141B-FBF1-4704-850F-3DA65F166F8C}.Release|x64.Build.0 = Release|Any CPU
		{B8E3141B-FBF1-4704-850F-3DA65F166F8C}.Release|x86.ActiveCfg = Release|Any CPU
		{B8E3141B-FBF1-4704-850F-3DA65F166F8C}.Release|x86.Build.0 = Release|Any CPU
		{6462460C-6729-44FF-91A7-52270FBDDEBD}.Debug|Any CPU.ActiveCfg = Debug|Any CPU
		{6462460C-6729-44FF-91A7-52270FBDDEBD}.Debug|Any CPU.Build.0 = Debug|Any CPU
		{6462460C-6729-44FF-91A7-52270FBDDEBD}.Debug|x64.ActiveCfg = Debug|Any CPU
		{6462460C-6729-44FF-91A7-52270FBDDEBD}.Debug|x64.Build.0 = Debug|Any CPU
		{6462460C-6729-44FF-91A7-52270FBDDEBD}.Debug|x86.ActiveCfg = Debug|Any CPU
		{6462460C-6729-44FF-91A7-52270FBDDEBD}.Debug|x86.Build.0 = Debug|Any CPU
		{6462460C-6729-44FF-91A7-52270FBDDEBD}.Release|Any CPU.ActiveCfg = Release|Any CPU
		{6462460C-6729-44FF-91A7-52270FBDDEBD}.Release|Any CPU.Build.0 = Release|Any CPU
		{6462460C-6729-44FF-91A7-52270FBDDEBD}.Release|x64.ActiveCfg = Release|Any CPU
		{6462460C-6729-44FF-91A7-52270FBDDEBD}.Release|x64.Build.0 = Release|Any CPU
		{6462460C-6729-44FF-91A7-52270FBDDEBD}.Release|x86.ActiveCfg = Release|Any CPU
		{6462460C-6729-44FF-91A7-52270FBDDEBD}.Release|x86.Build.0 = Release|Any CPU
		{42C92BF1-1731-4F66-979A-3E33B7CF931E}.Debug|Any CPU.ActiveCfg = Debug|Any CPU
		{42C92BF1-1731-4F66-979A-3E33B7CF931E}.Debug|Any CPU.Build.0 = Debug|Any CPU
		{42C92BF1-1731-4F66-979A-3E33B7CF931E}.Debug|x64.ActiveCfg = Debug|Any CPU
		{42C92BF1-1731-4F66-979A-3E33B7CF931E}.Debug|x64.Build.0 = Debug|Any CPU
		{42C92BF1-1731-4F66-979A-3E33B7CF931E}.Debug|x86.ActiveCfg = Debug|Any CPU
		{42C92BF1-1731-4F66-979A-3E33B7CF931E}.Debug|x86.Build.0 = Debug|Any CPU
		{42C92BF1-1731-4F66-979A-3E33B7CF931E}.Release|Any CPU.ActiveCfg = Release|Any CPU
		{42C92BF1-1731-4F66-979A-3E33B7CF931E}.Release|Any CPU.Build.0 = Release|Any CPU
		{42C92BF1-1731-4F66-979A-3E33B7CF931E}.Release|x64.ActiveCfg = Release|Any CPU
		{42C92BF1-1731-4F66-979A-3E33B7CF931E}.Release|x64.Build.0 = Release|Any CPU
		{42C92BF1-1731-4F66-979A-3E33B7CF931E}.Release|x86.ActiveCfg = Release|Any CPU
		{42C92BF1-1731-4F66-979A-3E33B7CF931E}.Release|x86.Build.0 = Release|Any CPU
		{447E88F0-05D9-4B8B-9587-E5E541678A39}.Debug|Any CPU.ActiveCfg = Debug|Any CPU
		{447E88F0-05D9-4B8B-9587-E5E541678A39}.Debug|Any CPU.Build.0 = Debug|Any CPU
		{447E88F0-05D9-4B8B-9587-E5E541678A39}.Debug|x64.ActiveCfg = Debug|Any CPU
		{447E88F0-05D9-4B8B-9587-E5E541678A39}.Debug|x64.Build.0 = Debug|Any CPU
		{447E88F0-05D9-4B8B-9587-E5E541678A39}.Debug|x86.ActiveCfg = Debug|Any CPU
		{447E88F0-05D9-4B8B-9587-E5E541678A39}.Debug|x86.Build.0 = Debug|Any CPU
		{447E88F0-05D9-4B8B-9587-E5E541678A39}.Release|Any CPU.ActiveCfg = Release|Any CPU
		{447E88F0-05D9-4B8B-9587-E5E541678A39}.Release|Any CPU.Build.0 = Release|Any CPU
		{447E88F0-05D9-4B8B-9587-E5E541678A39}.Release|x64.ActiveCfg = Release|Any CPU
		{447E88F0-05D9-4B8B-9587-E5E541678A39}.Release|x64.Build.0 = Release|Any CPU
		{447E88F0-05D9-4B8B-9587-E5E541678A39}.Release|x86.ActiveCfg = Release|Any CPU
		{447E88F0-05D9-4B8B-9587-E5E541678A39}.Release|x86.Build.0 = Release|Any CPU
		{09EF61DE-5DDE-4F4C-89E7-371633A7FB23}.Debug|Any CPU.ActiveCfg = Debug|Any CPU
		{09EF61DE-5DDE-4F4C-89E7-371633A7FB23}.Debug|Any CPU.Build.0 = Debug|Any CPU
		{09EF61DE-5DDE-4F4C-89E7-371633A7FB23}.Debug|x64.ActiveCfg = Debug|Any CPU
		{09EF61DE-5DDE-4F4C-89E7-371633A7FB23}.Debug|x64.Build.0 = Debug|Any CPU
		{09EF61DE-5DDE-4F4C-89E7-371633A7FB23}.Debug|x86.ActiveCfg = Debug|Any CPU
		{09EF61DE-5DDE-4F4C-89E7-371633A7FB23}.Debug|x86.Build.0 = Debug|Any CPU
		{09EF61DE-5DDE-4F4C-89E7-371633A7FB23}.Release|Any CPU.ActiveCfg = Release|Any CPU
		{09EF61DE-5DDE-4F4C-89E7-371633A7FB23}.Release|Any CPU.Build.0 = Release|Any CPU
		{09EF61DE-5DDE-4F4C-89E7-371633A7FB23}.Release|x64.ActiveCfg = Release|Any CPU
		{09EF61DE-5DDE-4F4C-89E7-371633A7FB23}.Release|x64.Build.0 = Release|Any CPU
		{09EF61DE-5DDE-4F4C-89E7-371633A7FB23}.Release|x86.ActiveCfg = Release|Any CPU
		{09EF61DE-5DDE-4F4C-89E7-371633A7FB23}.Release|x86.Build.0 = Release|Any CPU
		{50D994D6-9589-4362-94C6-09C79CBD5368}.Debug|Any CPU.ActiveCfg = Debug|Any CPU
		{50D994D6-9589-4362-94C6-09C79CBD5368}.Debug|Any CPU.Build.0 = Debug|Any CPU
		{50D994D6-9589-4362-94C6-09C79CBD5368}.Debug|x64.ActiveCfg = Debug|Any CPU
		{50D994D6-9589-4362-94C6-09C79CBD5368}.Debug|x64.Build.0 = Debug|Any CPU
		{50D994D6-9589-4362-94C6-09C79CBD5368}.Debug|x86.ActiveCfg = Debug|Any CPU
		{50D994D6-9589-4362-94C6-09C79CBD5368}.Debug|x86.Build.0 = Debug|Any CPU
		{50D994D6-9589-4362-94C6-09C79CBD5368}.Release|Any CPU.ActiveCfg = Release|Any CPU
		{50D994D6-9589-4362-94C6-09C79CBD5368}.Release|Any CPU.Build.0 = Release|Any CPU
		{50D994D6-9589-4362-94C6-09C79CBD5368}.Release|x64.ActiveCfg = Release|Any CPU
		{50D994D6-9589-4362-94C6-09C79CBD5368}.Release|x64.Build.0 = Release|Any CPU
		{50D994D6-9589-4362-94C6-09C79CBD5368}.Release|x86.ActiveCfg = Release|Any CPU
		{50D994D6-9589-4362-94C6-09C79CBD5368}.Release|x86.Build.0 = Release|Any CPU
		{B8AD24D2-B5F0-4076-97BA-FB390B305C8E}.Debug|Any CPU.ActiveCfg = Debug|Any CPU
		{B8AD24D2-B5F0-4076-97BA-FB390B305C8E}.Debug|Any CPU.Build.0 = Debug|Any CPU
		{B8AD24D2-B5F0-4076-97BA-FB390B305C8E}.Debug|x64.ActiveCfg = Debug|Any CPU
		{B8AD24D2-B5F0-4076-97BA-FB390B305C8E}.Debug|x64.Build.0 = Debug|Any CPU
		{B8AD24D2-B5F0-4076-97BA-FB390B305C8E}.Debug|x86.ActiveCfg = Debug|Any CPU
		{B8AD24D2-B5F0-4076-97BA-FB390B305C8E}.Debug|x86.Build.0 = Debug|Any CPU
		{B8AD24D2-B5F0-4076-97BA-FB390B305C8E}.Release|Any CPU.ActiveCfg = Release|Any CPU
		{B8AD24D2-B5F0-4076-97BA-FB390B305C8E}.Release|Any CPU.Build.0 = Release|Any CPU
		{B8AD24D2-B5F0-4076-97BA-FB390B305C8E}.Release|x64.ActiveCfg = Release|Any CPU
		{B8AD24D2-B5F0-4076-97BA-FB390B305C8E}.Release|x64.Build.0 = Release|Any CPU
		{B8AD24D2-B5F0-4076-97BA-FB390B305C8E}.Release|x86.ActiveCfg = Release|Any CPU
		{B8AD24D2-B5F0-4076-97BA-FB390B305C8E}.Release|x86.Build.0 = Release|Any CPU
		{878C7147-7F01-4C1D-8B82-669DCD2A1868}.Debug|Any CPU.ActiveCfg = Debug|Any CPU
		{878C7147-7F01-4C1D-8B82-669DCD2A1868}.Debug|Any CPU.Build.0 = Debug|Any CPU
		{878C7147-7F01-4C1D-8B82-669DCD2A1868}.Debug|x64.ActiveCfg = Debug|Any CPU
		{878C7147-7F01-4C1D-8B82-669DCD2A1868}.Debug|x64.Build.0 = Debug|Any CPU
		{878C7147-7F01-4C1D-8B82-669DCD2A1868}.Debug|x86.ActiveCfg = Debug|Any CPU
		{878C7147-7F01-4C1D-8B82-669DCD2A1868}.Debug|x86.Build.0 = Debug|Any CPU
		{878C7147-7F01-4C1D-8B82-669DCD2A1868}.Release|Any CPU.ActiveCfg = Release|Any CPU
		{878C7147-7F01-4C1D-8B82-669DCD2A1868}.Release|Any CPU.Build.0 = Release|Any CPU
		{878C7147-7F01-4C1D-8B82-669DCD2A1868}.Release|x64.ActiveCfg = Release|Any CPU
		{878C7147-7F01-4C1D-8B82-669DCD2A1868}.Release|x64.Build.0 = Release|Any CPU
		{878C7147-7F01-4C1D-8B82-669DCD2A1868}.Release|x86.ActiveCfg = Release|Any CPU
		{878C7147-7F01-4C1D-8B82-669DCD2A1868}.Release|x86.Build.0 = Release|Any CPU
		{65216BE9-1316-4EDE-B619-7511CD281C13}.Debug|Any CPU.ActiveCfg = Debug|Any CPU
		{65216BE9-1316-4EDE-B619-7511CD281C13}.Debug|Any CPU.Build.0 = Debug|Any CPU
		{65216BE9-1316-4EDE-B619-7511CD281C13}.Debug|x64.ActiveCfg = Debug|Any CPU
		{65216BE9-1316-4EDE-B619-7511CD281C13}.Debug|x64.Build.0 = Debug|Any CPU
		{65216BE9-1316-4EDE-B619-7511CD281C13}.Debug|x86.ActiveCfg = Debug|Any CPU
		{65216BE9-1316-4EDE-B619-7511CD281C13}.Debug|x86.Build.0 = Debug|Any CPU
		{65216BE9-1316-4EDE-B619-7511CD281C13}.Release|Any CPU.ActiveCfg = Release|Any CPU
		{65216BE9-1316-4EDE-B619-7511CD281C13}.Release|Any CPU.Build.0 = Release|Any CPU
		{65216BE9-1316-4EDE-B619-7511CD281C13}.Release|x64.ActiveCfg = Release|Any CPU
		{65216BE9-1316-4EDE-B619-7511CD281C13}.Release|x64.Build.0 = Release|Any CPU
		{65216BE9-1316-4EDE-B619-7511CD281C13}.Release|x86.ActiveCfg = Release|Any CPU
		{65216BE9-1316-4EDE-B619-7511CD281C13}.Release|x86.Build.0 = Release|Any CPU
		{8691C2CE-CC18-4BD7-86D5-55A6D11DE5A6}.Debug|Any CPU.ActiveCfg = Debug|Any CPU
		{8691C2CE-CC18-4BD7-86D5-55A6D11DE5A6}.Debug|Any CPU.Build.0 = Debug|Any CPU
		{8691C2CE-CC18-4BD7-86D5-55A6D11DE5A6}.Debug|x64.ActiveCfg = Debug|Any CPU
		{8691C2CE-CC18-4BD7-86D5-55A6D11DE5A6}.Debug|x64.Build.0 = Debug|Any CPU
		{8691C2CE-CC18-4BD7-86D5-55A6D11DE5A6}.Debug|x86.ActiveCfg = Debug|Any CPU
		{8691C2CE-CC18-4BD7-86D5-55A6D11DE5A6}.Debug|x86.Build.0 = Debug|Any CPU
		{8691C2CE-CC18-4BD7-86D5-55A6D11DE5A6}.Release|Any CPU.ActiveCfg = Release|Any CPU
		{8691C2CE-CC18-4BD7-86D5-55A6D11DE5A6}.Release|Any CPU.Build.0 = Release|Any CPU
		{8691C2CE-CC18-4BD7-86D5-55A6D11DE5A6}.Release|x64.ActiveCfg = Release|Any CPU
		{8691C2CE-CC18-4BD7-86D5-55A6D11DE5A6}.Release|x64.Build.0 = Release|Any CPU
		{8691C2CE-CC18-4BD7-86D5-55A6D11DE5A6}.Release|x86.ActiveCfg = Release|Any CPU
		{8691C2CE-CC18-4BD7-86D5-55A6D11DE5A6}.Release|x86.Build.0 = Release|Any CPU
		{D4552710-BE03-4EF7-94A8-BACC63484E7D}.Debug|Any CPU.ActiveCfg = Debug|Any CPU
		{D4552710-BE03-4EF7-94A8-BACC63484E7D}.Debug|Any CPU.Build.0 = Debug|Any CPU
		{D4552710-BE03-4EF7-94A8-BACC63484E7D}.Debug|x64.ActiveCfg = Debug|Any CPU
		{D4552710-BE03-4EF7-94A8-BACC63484E7D}.Debug|x64.Build.0 = Debug|Any CPU
		{D4552710-BE03-4EF7-94A8-BACC63484E7D}.Debug|x86.ActiveCfg = Debug|Any CPU
		{D4552710-BE03-4EF7-94A8-BACC63484E7D}.Debug|x86.Build.0 = Debug|Any CPU
		{D4552710-BE03-4EF7-94A8-BACC63484E7D}.Release|Any CPU.ActiveCfg = Release|Any CPU
		{D4552710-BE03-4EF7-94A8-BACC63484E7D}.Release|Any CPU.Build.0 = Release|Any CPU
		{D4552710-BE03-4EF7-94A8-BACC63484E7D}.Release|x64.ActiveCfg = Release|Any CPU
		{D4552710-BE03-4EF7-94A8-BACC63484E7D}.Release|x64.Build.0 = Release|Any CPU
		{D4552710-BE03-4EF7-94A8-BACC63484E7D}.Release|x86.ActiveCfg = Release|Any CPU
		{D4552710-BE03-4EF7-94A8-BACC63484E7D}.Release|x86.Build.0 = Release|Any CPU
		{10DFBA44-E324-4C46-903C-63E2AC370A91}.Debug|Any CPU.ActiveCfg = Debug|Any CPU
		{10DFBA44-E324-4C46-903C-63E2AC370A91}.Debug|Any CPU.Build.0 = Debug|Any CPU
		{10DFBA44-E324-4C46-903C-63E2AC370A91}.Debug|x64.ActiveCfg = Debug|Any CPU
		{10DFBA44-E324-4C46-903C-63E2AC370A91}.Debug|x64.Build.0 = Debug|Any CPU
		{10DFBA44-E324-4C46-903C-63E2AC370A91}.Debug|x86.ActiveCfg = Debug|Any CPU
		{10DFBA44-E324-4C46-903C-63E2AC370A91}.Debug|x86.Build.0 = Debug|Any CPU
		{10DFBA44-E324-4C46-903C-63E2AC370A91}.Release|Any CPU.ActiveCfg = Release|Any CPU
		{10DFBA44-E324-4C46-903C-63E2AC370A91}.Release|Any CPU.Build.0 = Release|Any CPU
		{10DFBA44-E324-4C46-903C-63E2AC370A91}.Release|x64.ActiveCfg = Release|Any CPU
		{10DFBA44-E324-4C46-903C-63E2AC370A91}.Release|x64.Build.0 = Release|Any CPU
		{10DFBA44-E324-4C46-903C-63E2AC370A91}.Release|x86.ActiveCfg = Release|Any CPU
		{10DFBA44-E324-4C46-903C-63E2AC370A91}.Release|x86.Build.0 = Release|Any CPU
		{16724468-8CED-463D-83D3-4DCEB9C04173}.Debug|Any CPU.ActiveCfg = Debug|Any CPU
		{16724468-8CED-463D-83D3-4DCEB9C04173}.Debug|Any CPU.Build.0 = Debug|Any CPU
		{16724468-8CED-463D-83D3-4DCEB9C04173}.Debug|x64.ActiveCfg = Debug|Any CPU
		{16724468-8CED-463D-83D3-4DCEB9C04173}.Debug|x64.Build.0 = Debug|Any CPU
		{16724468-8CED-463D-83D3-4DCEB9C04173}.Debug|x86.ActiveCfg = Debug|Any CPU
		{16724468-8CED-463D-83D3-4DCEB9C04173}.Debug|x86.Build.0 = Debug|Any CPU
		{16724468-8CED-463D-83D3-4DCEB9C04173}.Release|Any CPU.ActiveCfg = Release|Any CPU
		{16724468-8CED-463D-83D3-4DCEB9C04173}.Release|Any CPU.Build.0 = Release|Any CPU
		{16724468-8CED-463D-83D3-4DCEB9C04173}.Release|x64.ActiveCfg = Release|Any CPU
		{16724468-8CED-463D-83D3-4DCEB9C04173}.Release|x64.Build.0 = Release|Any CPU
		{16724468-8CED-463D-83D3-4DCEB9C04173}.Release|x86.ActiveCfg = Release|Any CPU
		{16724468-8CED-463D-83D3-4DCEB9C04173}.Release|x86.Build.0 = Release|Any CPU
		{6FD82145-BD8A-4F3C-960A-FD837925006B}.Debug|Any CPU.ActiveCfg = Debug|Any CPU
		{6FD82145-BD8A-4F3C-960A-FD837925006B}.Debug|Any CPU.Build.0 = Debug|Any CPU
		{6FD82145-BD8A-4F3C-960A-FD837925006B}.Debug|x64.ActiveCfg = Debug|Any CPU
		{6FD82145-BD8A-4F3C-960A-FD837925006B}.Debug|x64.Build.0 = Debug|Any CPU
		{6FD82145-BD8A-4F3C-960A-FD837925006B}.Debug|x86.ActiveCfg = Debug|Any CPU
		{6FD82145-BD8A-4F3C-960A-FD837925006B}.Debug|x86.Build.0 = Debug|Any CPU
		{6FD82145-BD8A-4F3C-960A-FD837925006B}.Release|Any CPU.ActiveCfg = Release|Any CPU
		{6FD82145-BD8A-4F3C-960A-FD837925006B}.Release|Any CPU.Build.0 = Release|Any CPU
		{6FD82145-BD8A-4F3C-960A-FD837925006B}.Release|x64.ActiveCfg = Release|Any CPU
		{6FD82145-BD8A-4F3C-960A-FD837925006B}.Release|x64.Build.0 = Release|Any CPU
		{6FD82145-BD8A-4F3C-960A-FD837925006B}.Release|x86.ActiveCfg = Release|Any CPU
		{6FD82145-BD8A-4F3C-960A-FD837925006B}.Release|x86.Build.0 = Release|Any CPU
		{EFF4071E-2956-41AB-BADA-C606792BD9FD}.Debug|Any CPU.ActiveCfg = Debug|Any CPU
		{EFF4071E-2956-41AB-BADA-C606792BD9FD}.Debug|Any CPU.Build.0 = Debug|Any CPU
		{EFF4071E-2956-41AB-BADA-C606792BD9FD}.Debug|x64.ActiveCfg = Debug|Any CPU
		{EFF4071E-2956-41AB-BADA-C606792BD9FD}.Debug|x64.Build.0 = Debug|Any CPU
		{EFF4071E-2956-41AB-BADA-C606792BD9FD}.Debug|x86.ActiveCfg = Debug|Any CPU
		{EFF4071E-2956-41AB-BADA-C606792BD9FD}.Debug|x86.Build.0 = Debug|Any CPU
		{EFF4071E-2956-41AB-BADA-C606792BD9FD}.Release|Any CPU.ActiveCfg = Release|Any CPU
		{EFF4071E-2956-41AB-BADA-C606792BD9FD}.Release|Any CPU.Build.0 = Release|Any CPU
		{EFF4071E-2956-41AB-BADA-C606792BD9FD}.Release|x64.ActiveCfg = Release|Any CPU
		{EFF4071E-2956-41AB-BADA-C606792BD9FD}.Release|x64.Build.0 = Release|Any CPU
		{EFF4071E-2956-41AB-BADA-C606792BD9FD}.Release|x86.ActiveCfg = Release|Any CPU
		{EFF4071E-2956-41AB-BADA-C606792BD9FD}.Release|x86.Build.0 = Release|Any CPU
	EndGlobalSection
	GlobalSection(SolutionProperties) = preSolution
		HideSolutionNode = FALSE
	EndGlobalSection
	GlobalSection(NestedProjects) = preSolution
		{B8AD24D2-B5F0-4076-97BA-FB390B305C8E} = {2A2099C0-B6AA-4E4C-9386-26F324B85FC4}
		{878C7147-7F01-4C1D-8B82-669DCD2A1868} = {2A2099C0-B6AA-4E4C-9386-26F324B85FC4}
		{65216BE9-1316-4EDE-B619-7511CD281C13} = {2A2099C0-B6AA-4E4C-9386-26F324B85FC4}
		{16724468-8CED-463D-83D3-4DCEB9C04173} = {2A2099C0-B6AA-4E4C-9386-26F324B85FC4}
		{6FD82145-BD8A-4F3C-960A-FD837925006B} = {2A2099C0-B6AA-4E4C-9386-26F324B85FC4}
		{EFF4071E-2956-41AB-BADA-C606792BD9FD} = {2A2099C0-B6AA-4E4C-9386-26F324B85FC4}
	EndGlobalSection
	GlobalSection(ExtensibilityGlobals) = postSolution
		SolutionGuid = {93FC3EA6-6A59-43FF-897A-EEB0C60E6E3A}
	EndGlobalSection
EndGlobal
