
Microsoft Visual Studio Solution File, Format Version 12.00
# Visual Studio 15
VisualStudioVersion = 15.0.26730.10
MinimumVisualStudioVersion = 10.0.40219.1
Project("{9A19103F-16F7-4668-BE54-9A1E7A4F7556}") = "Agent", "Agent\Agent.csproj", "{C7BBF45C-9076-431E-8291-529AEC761545}"
EndProject
Project("{9A19103F-16F7-4668-BE54-9A1E7A4F7556}") = "Core", "Core\Core.csproj", "{592475B4-C300-42C4-A6FD-0C04ED770312}"
EndProject
Project("{9A19103F-16F7-4668-BE54-9A1E7A4F7556}") = "Extensibility", "Extensibility\Extensibility.csproj", "{151676AD-A855-4717-8E1B-C113E5E5C89A}"
EndProject
Project("{9A19103F-16F7-4668-BE54-9A1E7A4F7556}") = "Extensions.Logging", "Extensions.Logging\Extensions.Logging.csproj", "{3F7F6217-6D9A-4089-9DFB-08FA076EF645}"
EndProject
Project("{9A19103F-16F7-4668-BE54-9A1E7A4F7556}") = "Agent.Test", "Agent.Test\Agent.Test.csproj", "{39CD3F9C-87DB-4A96-BDA4-9DB5B03D293A}"
EndProject
Project("{9A19103F-16F7-4668-BE54-9A1E7A4F7556}") = "Core.Test", "Core.Test\Core.Test.csproj", "{0F63AF4F-7153-45F1-9272-542DCB90845F}"
EndProject
Global
	GlobalSection(SolutionConfigurationPlatforms) = preSolution
		Debug|Any CPU = Debug|Any CPU
		Release|Any CPU = Release|Any CPU
	EndGlobalSection
	GlobalSection(ProjectConfigurationPlatforms) = postSolution
		{C7BBF45C-9076-431E-8291-529AEC761545}.Debug|Any CPU.ActiveCfg = Debug|Any CPU
		{C7BBF45C-9076-431E-8291-529AEC761545}.Debug|Any CPU.Build.0 = Debug|Any CPU
		{C7BBF45C-9076-431E-8291-529AEC761545}.Release|Any CPU.ActiveCfg = Release|Any CPU
		{C7BBF45C-9076-431E-8291-529AEC761545}.Release|Any CPU.Build.0 = Release|Any CPU
		{592475B4-C300-42C4-A6FD-0C04ED770312}.Debug|Any CPU.ActiveCfg = Debug|Any CPU
		{592475B4-C300-42C4-A6FD-0C04ED770312}.Debug|Any CPU.Build.0 = Debug|Any CPU
		{592475B4-C300-42C4-A6FD-0C04ED770312}.Release|Any CPU.ActiveCfg = Release|Any CPU
		{592475B4-C300-42C4-A6FD-0C04ED770312}.Release|Any CPU.Build.0 = Release|Any CPU
		{151676AD-A855-4717-8E1B-C113E5E5C89A}.Debug|Any CPU.ActiveCfg = Debug|Any CPU
		{151676AD-A855-4717-8E1B-C113E5E5C89A}.Debug|Any CPU.Build.0 = Debug|Any CPU
		{151676AD-A855-4717-8E1B-C113E5E5C89A}.Release|Any CPU.ActiveCfg = Release|Any CPU
		{151676AD-A855-4717-8E1B-C113E5E5C89A}.Release|Any CPU.Build.0 = Release|Any CPU
		{3F7F6217-6D9A-4089-9DFB-08FA076EF645}.Debug|Any CPU.ActiveCfg = Debug|Any CPU
		{3F7F6217-6D9A-4089-9DFB-08FA076EF645}.Debug|Any CPU.Build.0 = Debug|Any CPU
		{3F7F6217-6D9A-4089-9DFB-08FA076EF645}.Release|Any CPU.ActiveCfg = Release|Any CPU
		{3F7F6217-6D9A-4089-9DFB-08FA076EF645}.Release|Any CPU.Build.0 = Release|Any CPU
		{39CD3F9C-87DB-4A96-BDA4-9DB5B03D293A}.Debug|Any CPU.ActiveCfg = Debug|Any CPU
		{39CD3F9C-87DB-4A96-BDA4-9DB5B03D293A}.Debug|Any CPU.Build.0 = Debug|Any CPU
		{39CD3F9C-87DB-4A96-BDA4-9DB5B03D293A}.Release|Any CPU.ActiveCfg = Release|Any CPU
		{39CD3F9C-87DB-4A96-BDA4-9DB5B03D293A}.Release|Any CPU.Build.0 = Release|Any CPU
		{0F63AF4F-7153-45F1-9272-542DCB90845F}.Debug|Any CPU.ActiveCfg = Debug|Any CPU
		{0F63AF4F-7153-45F1-9272-542DCB90845F}.Debug|Any CPU.Build.0 = Debug|Any CPU
		{0F63AF4F-7153-45F1-9272-542DCB90845F}.Release|Any CPU.ActiveCfg = Release|Any CPU
		{0F63AF4F-7153-45F1-9272-542DCB90845F}.Release|Any CPU.Build.0 = Release|Any CPU
	EndGlobalSection
	GlobalSection(SolutionProperties) = preSolution
		HideSolutionNode = FALSE
	EndGlobalSection
	GlobalSection(ExtensibilityGlobals) = postSolution
		SolutionGuid = {93FC3EA6-6A59-43FF-897A-EEB0C60E6E3A}
	EndGlobalSection
EndGlobal
